<?xml version="1.0" encoding="utf-8"?>
<Project ToolsVersion="4.0" xmlns="http://schemas.microsoft.com/developer/msbuild/2003">
  <ItemGroup>
    <Filter Include="Platform">
      <UniqueIdentifier>{2AC788B4-1694-E3BF-3FAD-D1672BD9184E}</UniqueIdentifier>
    </Filter>
    <Filter Include="Platform\Windows">
      <UniqueIdentifier>{64FBD71A-50F4-F66C-7926-DCF1657ED678}</UniqueIdentifier>
    </Filter>
    <Filter Include="Squirrel">
      <UniqueIdentifier>{3C341828-2801-7333-511A-61DB3D46A8C1}</UniqueIdentifier>
    </Filter>
    <Filter Include="Squirrel\Events">
      <UniqueIdentifier>{A04439A7-0CD0-A66B-15E1-296081EB026C}</UniqueIdentifier>
    </Filter>
  </ItemGroup>
  <ItemGroup>
    <ClInclude Include="src\Platform\Windows\WindowsWindow.h">
      <Filter>Platform\Windows</Filter>
    </ClInclude>
    <ClInclude Include="src\Squirrel.h" />
    <ClInclude Include="src\Squirrel\Application.h">
      <Filter>Squirrel</Filter>
    </ClInclude>
    <ClInclude Include="src\Squirrel\Core.h">
      <Filter>Squirrel</Filter>
    </ClInclude>
    <ClInclude Include="src\Squirrel\Entry.h">
      <Filter>Squirrel</Filter>
    </ClInclude>
    <ClInclude Include="src\Squirrel\Events\ApplicationEvent.h">
      <Filter>Squirrel\Events</Filter>
    </ClInclude>
    <ClInclude Include="src\Squirrel\Events\Event.h">
      <Filter>Squirrel\Events</Filter>
    </ClInclude>
    <ClInclude Include="src\Squirrel\Events\KeyEvent.h">
      <Filter>Squirrel\Events</Filter>
    </ClInclude>
    <ClInclude Include="src\Squirrel\Events\MouseEvent.h">
      <Filter>Squirrel\Events</Filter>
    </ClInclude>
    <ClInclude Include="src\Squirrel\Log.h">
      <Filter>Squirrel</Filter>
    </ClInclude>
    <ClInclude Include="src\Squirrel\Window.h">
      <Filter>Squirrel</Filter>
    </ClInclude>
    <ClInclude Include="src\sqpch.h" />
  </ItemGroup>
  <ItemGroup>
    <ClCompile Include="src\Platform\Windows\WindowsWindow.cpp">
      <Filter>Platform\Windows</Filter>
    </ClCompile>
    <ClCompile Include="src\Squirrel\Application.cpp">
      <Filter>Squirrel</Filter>
    </ClCompile>
    <ClCompile Include="src\Squirrel\Log.cpp">
      <Filter>Squirrel</Filter>
    </ClCompile>
    <ClCompile Include="src\sqpch.cpp" />
  </ItemGroup>
</Project>